
Microsoft Visual Studio Solution File, Format Version 12.00
# Visual Studio Version 16
VisualStudioVersion = 16.0.32106.194
MinimumVisualStudioVersion = 10.0.40219.1
Project("{FAE04EC0-301F-11D3-BF4B-00C04F79EFBC}") = "DataAccess", "DataAccess\DataAccess.csproj", "{5E5FACDC-762A-4A6C-B444-DC2C7D1942D4}"
EndProject
Project("{FAE04EC0-301F-11D3-BF4B-00C04F79EFBC}") = "StudentsWebApp", "StudentsWebApp\StudentsWebApp.csproj", "{34701BC0-806A-4D78-9446-B49939C59970}"
EndProject
Global
	GlobalSection(SolutionConfigurationPlatforms) = preSolution
		Debug|Any CPU = Debug|Any CPU
		Release|Any CPU = Release|Any CPU
	EndGlobalSection
	GlobalSection(ProjectConfigurationPlatforms) = postSolution
		{5E5FACDC-762A-4A6C-B444-DC2C7D1942D4}.Debug|Any CPU.ActiveCfg = Debug|Any CPU
		{5E5FACDC-762A-4A6C-B444-DC2C7D1942D4}.Debug|Any CPU.Build.0 = Debug|Any CPU
		{5E5FACDC-762A-4A6C-B444-DC2C7D1942D4}.Release|Any CPU.ActiveCfg = Release|Any CPU
		{5E5FACDC-762A-4A6C-B444-DC2C7D1942D4}.Release|Any CPU.Build.0 = Release|Any CPU
		{34701BC0-806A-4D78-9446-B49939C59970}.Debug|Any CPU.ActiveCfg = Debug|Any CPU
		{34701BC0-806A-4D78-9446-B49939C59970}.Debug|Any CPU.Build.0 = Debug|Any CPU
		{34701BC0-806A-4D78-9446-B49939C59970}.Release|Any CPU.ActiveCfg = Release|Any CPU
		{34701BC0-806A-4D78-9446-B49939C59970}.Release|Any CPU.Build.0 = Release|Any CPU
	EndGlobalSection
	GlobalSection(SolutionProperties) = preSolution
		HideSolutionNode = FALSE
	EndGlobalSection
	GlobalSection(ExtensibilityGlobals) = postSolution
		SolutionGuid = {7066B577-95E0-4DC7-A0B4-4A0D560980E6}
	EndGlobalSection
EndGlobal
